
Microsoft Visual Studio Solution File, Format Version 12.00
# Visual Studio 2013
VisualStudioVersion = 12.0.40629.0
MinimumVisualStudioVersion = 10.0.40219.1
Project("{FAE04EC0-301F-11D3-BF4B-00C04F79EFBC}") = "AdjustBindingsAndroid", "AdjustBindingsAndroid\AdjustBindingsAndroid.csproj", "{9CCC4FFA-11F0-4A57-AA56-F48A60596151}"
EndProject
Project("{FAE04EC0-301F-11D3-BF4B-00C04F79EFBC}") = "AdjustDemoAndroid", "AdjustDemoAndroid\AdjustDemoAndroid.csproj", "{5CA93D21-F6E5-4295-B6AF-D696780CF4AA}"
EndProject
Project("{FAE04EC0-301F-11D3-BF4B-00C04F79EFBC}") = "AdjustBindingsiOS", "AdjustBindingsiOS\AdjustBindingsiOS.csproj", "{EF829C6D-7D00-4DF1-95C7-F3E54B164827}"
EndProject
Project("{FAE04EC0-301F-11D3-BF4B-00C04F79EFBC}") = "AdjustDemoiOS", "AdjustDemoiOS\AdjustDemoiOS.csproj", "{B08F2425-21DB-44F5-A167-6CF0C645EA65}"
EndProject
Project("{D954291E-2A0B-460D-934E-DC6B0785DB48}") = "AdjustDemoSharedCode", "AdjustDemoSharedCode\AdjustDemoSharedCode.shproj", "{579BD547-2865-4254-B242-8EB4DDB25288}"
EndProject
Project("{FAE04EC0-301F-11D3-BF4B-00C04F79EFBC}") = "AdjustDemoPortableLibrary", "AdjustDemoPortableLibrary\AdjustDemoPortableLibrary.csproj", "{AE75556B-B944-4BF1-8E5F-96C7417C3CBD}"
EndProject
Project("{FAE04EC0-301F-11D3-BF4B-00C04F79EFBC}") = "AdjustDemoFormsLibrary", "AdjustDemoFormsLibrary\AdjustDemoFormsLibrary.csproj", "{106DC2C1-66A4-4BE1-AA50-B71EAEE53804}"
EndProject
Project("{2150E333-8FDC-42A3-9474-1A3956D46DE8}") = "AdjustDemoWindowsUniversal_8_1", "AdjustDemoWindowsUniversal_8_1", "{A16077B2-D76C-4F85-B018-6301347A2719}"
EndProject
Project("{D954291E-2A0B-460D-934E-DC6B0785DB48}") = "AdjustDemoWindowsUniversal_8_1.Shared", "AdjustDemoWindowsUniversal_8_1\AdjustDemoWindowsUniversal_8_1.Shared\AdjustDemoWindowsUniversal_8_1.Shared.shproj", "{56A26506-A1E0-4742-9DAB-D7D8EC0E6D58}"
EndProject
Project("{FAE04EC0-301F-11D3-BF4B-00C04F79EFBC}") = "AdjustDemoWindowsUniversal_8_1.Windows", "AdjustDemoWindowsUniversal_8_1\AdjustDemoWindowsUniversal_8_1.Windows\AdjustDemoWindowsUniversal_8_1.Windows.csproj", "{73D7AF72-9428-469F-9832-4ABAEB5F22F3}"
EndProject
Project("{FAE04EC0-301F-11D3-BF4B-00C04F79EFBC}") = "AdjustDemoWindowsUniversal_8_1.WindowsPhone", "AdjustDemoWindowsUniversal_8_1\AdjustDemoWindowsUniversal_8_1.WindowsPhone\AdjustDemoWindowsUniversal_8_1.WindowsPhone.csproj", "{3B936442-E142-4ED6-A9BB-BF14E5C10113}"
EndProject
Project("{FAE04EC0-301F-11D3-BF4B-00C04F79EFBC}") = "AdjustDemoWindowsPhone_8_0", "AdjustDemoWindowsPhone_8_0\AdjustDemoWindowsPhone_8_0.csproj", "{4050C517-87E5-4600-B2AF-1EAC40E044FB}"
EndProject
Global
	GlobalSection(SharedMSBuildProjectFiles) = preSolution
		AdjustDemoWindowsUniversal_8_1\AdjustDemoWindowsUniversal_8_1.Shared\AdjustDemoWindowsUniversal_8_1.Shared.projitems*{73d7af72-9428-469f-9832-4abaeb5f22f3}*SharedItemsImports = 4
		AdjustDemoSharedCode\AdjustDemoSharedCode.projitems*{579bd547-2865-4254-b242-8eb4ddb25288}*SharedItemsImports = 13
		AdjustDemoSharedCode\AdjustDemoSharedCode.projitems*{b08f2425-21db-44f5-a167-6cf0c645ea65}*SharedItemsImports = 4
		AdjustDemoWindowsUniversal_8_1\AdjustDemoWindowsUniversal_8_1.Shared\AdjustDemoWindowsUniversal_8_1.Shared.projitems*{56a26506-a1e0-4742-9dab-d7d8ec0e6d58}*SharedItemsImports = 13
		AdjustDemoWindowsUniversal_8_1\AdjustDemoWindowsUniversal_8_1.Shared\AdjustDemoWindowsUniversal_8_1.Shared.projitems*{3b936442-e142-4ed6-a9bb-bf14e5c10113}*SharedItemsImports = 4
		AdjustDemoSharedCode\AdjustDemoSharedCode.projitems*{5ca93d21-f6e5-4295-b6af-d696780cf4aa}*SharedItemsImports = 4
	EndGlobalSection
	GlobalSection(SolutionConfigurationPlatforms) = preSolution
		Ad-Hoc|Any CPU = Ad-Hoc|Any CPU
		Ad-Hoc|ARM = Ad-Hoc|ARM
		Ad-Hoc|iPhone = Ad-Hoc|iPhone
		Ad-Hoc|iPhoneSimulator = Ad-Hoc|iPhoneSimulator
		Ad-Hoc|Mixed Platforms = Ad-Hoc|Mixed Platforms
		Ad-Hoc|x64 = Ad-Hoc|x64
		Ad-Hoc|x86 = Ad-Hoc|x86
		AppStore|Any CPU = AppStore|Any CPU
		AppStore|ARM = AppStore|ARM
		AppStore|iPhone = AppStore|iPhone
		AppStore|iPhoneSimulator = AppStore|iPhoneSimulator
		AppStore|Mixed Platforms = AppStore|Mixed Platforms
		AppStore|x64 = AppStore|x64
		AppStore|x86 = AppStore|x86
		Debug|Any CPU = Debug|Any CPU
		Debug|ARM = Debug|ARM
		Debug|iPhone = Debug|iPhone
		Debug|iPhoneSimulator = Debug|iPhoneSimulator
		Debug|Mixed Platforms = Debug|Mixed Platforms
		Debug|x64 = Debug|x64
		Debug|x86 = Debug|x86
		Release|Any CPU = Release|Any CPU
		Release|ARM = Release|ARM
		Release|iPhone = Release|iPhone
		Release|iPhoneSimulator = Release|iPhoneSimulator
		Release|Mixed Platforms = Release|Mixed Platforms
		Release|x64 = Release|x64
		Release|x86 = Release|x86
	EndGlobalSection
	GlobalSection(ProjectConfigurationPlatforms) = postSolution
		{9CCC4FFA-11F0-4A57-AA56-F48A60596151}.Ad-Hoc|Any CPU.ActiveCfg = Release|Any CPU
		{9CCC4FFA-11F0-4A57-AA56-F48A60596151}.Ad-Hoc|ARM.ActiveCfg = Release|Any CPU
		{9CCC4FFA-11F0-4A57-AA56-F48A60596151}.Ad-Hoc|iPhone.ActiveCfg = Debug|Any CPU
		{9CCC4FFA-11F0-4A57-AA56-F48A60596151}.Ad-Hoc|iPhone.Build.0 = Debug|Any CPU
		{9CCC4FFA-11F0-4A57-AA56-F48A60596151}.Ad-Hoc|iPhoneSimulator.ActiveCfg = Release|Any CPU
		{9CCC4FFA-11F0-4A57-AA56-F48A60596151}.Ad-Hoc|Mixed Platforms.ActiveCfg = Release|Any CPU
		{9CCC4FFA-11F0-4A57-AA56-F48A60596151}.Ad-Hoc|Mixed Platforms.Build.0 = Release|Any CPU
		{9CCC4FFA-11F0-4A57-AA56-F48A60596151}.Ad-Hoc|x64.ActiveCfg = Release|Any CPU
		{9CCC4FFA-11F0-4A57-AA56-F48A60596151}.Ad-Hoc|x86.ActiveCfg = Release|Any CPU
		{9CCC4FFA-11F0-4A57-AA56-F48A60596151}.AppStore|Any CPU.ActiveCfg = Release|Any CPU
		{9CCC4FFA-11F0-4A57-AA56-F48A60596151}.AppStore|ARM.ActiveCfg = Release|Any CPU
		{9CCC4FFA-11F0-4A57-AA56-F48A60596151}.AppStore|iPhone.ActiveCfg = Debug|Any CPU
		{9CCC4FFA-11F0-4A57-AA56-F48A60596151}.AppStore|iPhone.Build.0 = Debug|Any CPU
		{9CCC4FFA-11F0-4A57-AA56-F48A60596151}.AppStore|iPhoneSimulator.ActiveCfg = Release|Any CPU
		{9CCC4FFA-11F0-4A57-AA56-F48A60596151}.AppStore|Mixed Platforms.ActiveCfg = Release|Any CPU
		{9CCC4FFA-11F0-4A57-AA56-F48A60596151}.AppStore|Mixed Platforms.Build.0 = Release|Any CPU
		{9CCC4FFA-11F0-4A57-AA56-F48A60596151}.AppStore|x64.ActiveCfg = Release|Any CPU
		{9CCC4FFA-11F0-4A57-AA56-F48A60596151}.AppStore|x86.ActiveCfg = Release|Any CPU
		{9CCC4FFA-11F0-4A57-AA56-F48A60596151}.Debug|Any CPU.ActiveCfg = Debug|Any CPU
		{9CCC4FFA-11F0-4A57-AA56-F48A60596151}.Debug|Any CPU.Build.0 = Debug|Any CPU
		{9CCC4FFA-11F0-4A57-AA56-F48A60596151}.Debug|ARM.ActiveCfg = Debug|Any CPU
		{9CCC4FFA-11F0-4A57-AA56-F48A60596151}.Debug|iPhone.ActiveCfg = Debug|Any CPU
		{9CCC4FFA-11F0-4A57-AA56-F48A60596151}.Debug|iPhone.Build.0 = Debug|Any CPU
		{9CCC4FFA-11F0-4A57-AA56-F48A60596151}.Debug|iPhoneSimulator.ActiveCfg = Debug|Any CPU
		{9CCC4FFA-11F0-4A57-AA56-F48A60596151}.Debug|iPhoneSimulator.Build.0 = Debug|Any CPU
		{9CCC4FFA-11F0-4A57-AA56-F48A60596151}.Debug|Mixed Platforms.ActiveCfg = Debug|Any CPU
		{9CCC4FFA-11F0-4A57-AA56-F48A60596151}.Debug|Mixed Platforms.Build.0 = Debug|Any CPU
		{9CCC4FFA-11F0-4A57-AA56-F48A60596151}.Debug|x64.ActiveCfg = Debug|Any CPU
		{9CCC4FFA-11F0-4A57-AA56-F48A60596151}.Debug|x86.ActiveCfg = Debug|Any CPU
		{9CCC4FFA-11F0-4A57-AA56-F48A60596151}.Release|Any CPU.ActiveCfg = Release|Any CPU
		{9CCC4FFA-11F0-4A57-AA56-F48A60596151}.Release|Any CPU.Build.0 = Release|Any CPU
		{9CCC4FFA-11F0-4A57-AA56-F48A60596151}.Release|ARM.ActiveCfg = Release|Any CPU
		{9CCC4FFA-11F0-4A57-AA56-F48A60596151}.Release|iPhone.ActiveCfg = Release|Any CPU
		{9CCC4FFA-11F0-4A57-AA56-F48A60596151}.Release|iPhone.Build.0 = Release|Any CPU
		{9CCC4FFA-11F0-4A57-AA56-F48A60596151}.Release|iPhoneSimulator.ActiveCfg = Release|Any CPU
		{9CCC4FFA-11F0-4A57-AA56-F48A60596151}.Release|iPhoneSimulator.Build.0 = Release|Any CPU
		{9CCC4FFA-11F0-4A57-AA56-F48A60596151}.Release|Mixed Platforms.ActiveCfg = Release|Any CPU
		{9CCC4FFA-11F0-4A57-AA56-F48A60596151}.Release|Mixed Platforms.Build.0 = Release|Any CPU
		{9CCC4FFA-11F0-4A57-AA56-F48A60596151}.Release|x64.ActiveCfg = Release|Any CPU
		{9CCC4FFA-11F0-4A57-AA56-F48A60596151}.Release|x86.ActiveCfg = Release|Any CPU
		{5CA93D21-F6E5-4295-B6AF-D696780CF4AA}.Ad-Hoc|Any CPU.ActiveCfg = Release|Any CPU
		{5CA93D21-F6E5-4295-B6AF-D696780CF4AA}.Ad-Hoc|ARM.ActiveCfg = Release|Any CPU
		{5CA93D21-F6E5-4295-B6AF-D696780CF4AA}.Ad-Hoc|iPhone.ActiveCfg = Debug|Any CPU
		{5CA93D21-F6E5-4295-B6AF-D696780CF4AA}.Ad-Hoc|iPhone.Build.0 = Debug|Any CPU
		{5CA93D21-F6E5-4295-B6AF-D696780CF4AA}.Ad-Hoc|iPhoneSimulator.ActiveCfg = Release|Any CPU
		{5CA93D21-F6E5-4295-B6AF-D696780CF4AA}.Ad-Hoc|Mixed Platforms.ActiveCfg = Release|Any CPU
		{5CA93D21-F6E5-4295-B6AF-D696780CF4AA}.Ad-Hoc|Mixed Platforms.Build.0 = Release|Any CPU
		{5CA93D21-F6E5-4295-B6AF-D696780CF4AA}.Ad-Hoc|Mixed Platforms.Deploy.0 = Release|Any CPU
		{5CA93D21-F6E5-4295-B6AF-D696780CF4AA}.Ad-Hoc|x64.ActiveCfg = Release|Any CPU
		{5CA93D21-F6E5-4295-B6AF-D696780CF4AA}.Ad-Hoc|x86.ActiveCfg = Release|Any CPU
		{5CA93D21-F6E5-4295-B6AF-D696780CF4AA}.AppStore|Any CPU.ActiveCfg = Release|Any CPU
		{5CA93D21-F6E5-4295-B6AF-D696780CF4AA}.AppStore|ARM.ActiveCfg = Release|Any CPU
		{5CA93D21-F6E5-4295-B6AF-D696780CF4AA}.AppStore|iPhone.ActiveCfg = Debug|Any CPU
		{5CA93D21-F6E5-4295-B6AF-D696780CF4AA}.AppStore|iPhone.Build.0 = Debug|Any CPU
		{5CA93D21-F6E5-4295-B6AF-D696780CF4AA}.AppStore|iPhoneSimulator.ActiveCfg = Release|Any CPU
		{5CA93D21-F6E5-4295-B6AF-D696780CF4AA}.AppStore|Mixed Platforms.ActiveCfg = Release|Any CPU
		{5CA93D21-F6E5-4295-B6AF-D696780CF4AA}.AppStore|Mixed Platforms.Build.0 = Release|Any CPU
		{5CA93D21-F6E5-4295-B6AF-D696780CF4AA}.AppStore|Mixed Platforms.Deploy.0 = Release|Any CPU
		{5CA93D21-F6E5-4295-B6AF-D696780CF4AA}.AppStore|x64.ActiveCfg = Release|Any CPU
		{5CA93D21-F6E5-4295-B6AF-D696780CF4AA}.AppStore|x86.ActiveCfg = Release|Any CPU
		{5CA93D21-F6E5-4295-B6AF-D696780CF4AA}.Debug|Any CPU.ActiveCfg = Debug|Any CPU
		{5CA93D21-F6E5-4295-B6AF-D696780CF4AA}.Debug|Any CPU.Build.0 = Debug|Any CPU
		{5CA93D21-F6E5-4295-B6AF-D696780CF4AA}.Debug|ARM.ActiveCfg = Debug|Any CPU
		{5CA93D21-F6E5-4295-B6AF-D696780CF4AA}.Debug|iPhone.ActiveCfg = Debug|Any CPU
		{5CA93D21-F6E5-4295-B6AF-D696780CF4AA}.Debug|iPhone.Build.0 = Debug|Any CPU
		{5CA93D21-F6E5-4295-B6AF-D696780CF4AA}.Debug|iPhoneSimulator.ActiveCfg = Debug|Any CPU
		{5CA93D21-F6E5-4295-B6AF-D696780CF4AA}.Debug|iPhoneSimulator.Build.0 = Debug|Any CPU
		{5CA93D21-F6E5-4295-B6AF-D696780CF4AA}.Debug|Mixed Platforms.ActiveCfg = Debug|Any CPU
		{5CA93D21-F6E5-4295-B6AF-D696780CF4AA}.Debug|Mixed Platforms.Build.0 = Debug|Any CPU
		{5CA93D21-F6E5-4295-B6AF-D696780CF4AA}.Debug|Mixed Platforms.Deploy.0 = Debug|Any CPU
		{5CA93D21-F6E5-4295-B6AF-D696780CF4AA}.Debug|x64.ActiveCfg = Debug|Any CPU
		{5CA93D21-F6E5-4295-B6AF-D696780CF4AA}.Debug|x86.ActiveCfg = Debug|Any CPU
		{5CA93D21-F6E5-4295-B6AF-D696780CF4AA}.Release|Any CPU.ActiveCfg = Release|Any CPU
		{5CA93D21-F6E5-4295-B6AF-D696780CF4AA}.Release|Any CPU.Build.0 = Release|Any CPU
		{5CA93D21-F6E5-4295-B6AF-D696780CF4AA}.Release|ARM.ActiveCfg = Release|Any CPU
		{5CA93D21-F6E5-4295-B6AF-D696780CF4AA}.Release|iPhone.ActiveCfg = Release|Any CPU
		{5CA93D21-F6E5-4295-B6AF-D696780CF4AA}.Release|iPhone.Build.0 = Release|Any CPU
		{5CA93D21-F6E5-4295-B6AF-D696780CF4AA}.Release|iPhoneSimulator.ActiveCfg = Release|Any CPU
		{5CA93D21-F6E5-4295-B6AF-D696780CF4AA}.Release|iPhoneSimulator.Build.0 = Release|Any CPU
		{5CA93D21-F6E5-4295-B6AF-D696780CF4AA}.Release|Mixed Platforms.ActiveCfg = Release|Any CPU
		{5CA93D21-F6E5-4295-B6AF-D696780CF4AA}.Release|Mixed Platforms.Build.0 = Release|Any CPU
		{5CA93D21-F6E5-4295-B6AF-D696780CF4AA}.Release|Mixed Platforms.Deploy.0 = Release|Any CPU
		{5CA93D21-F6E5-4295-B6AF-D696780CF4AA}.Release|x64.ActiveCfg = Release|Any CPU
		{5CA93D21-F6E5-4295-B6AF-D696780CF4AA}.Release|x86.ActiveCfg = Release|Any CPU
		{EF829C6D-7D00-4DF1-95C7-F3E54B164827}.Ad-Hoc|Any CPU.ActiveCfg = Release|Any CPU
		{EF829C6D-7D00-4DF1-95C7-F3E54B164827}.Ad-Hoc|ARM.ActiveCfg = Release|Any CPU
		{EF829C6D-7D00-4DF1-95C7-F3E54B164827}.Ad-Hoc|iPhone.ActiveCfg = Debug|Any CPU
		{EF829C6D-7D00-4DF1-95C7-F3E54B164827}.Ad-Hoc|iPhone.Build.0 = Debug|Any CPU
		{EF829C6D-7D00-4DF1-95C7-F3E54B164827}.Ad-Hoc|iPhoneSimulator.ActiveCfg = Release|Any CPU
		{EF829C6D-7D00-4DF1-95C7-F3E54B164827}.Ad-Hoc|Mixed Platforms.ActiveCfg = Release|Any CPU
		{EF829C6D-7D00-4DF1-95C7-F3E54B164827}.Ad-Hoc|Mixed Platforms.Build.0 = Release|Any CPU
		{EF829C6D-7D00-4DF1-95C7-F3E54B164827}.Ad-Hoc|x64.ActiveCfg = Release|Any CPU
		{EF829C6D-7D00-4DF1-95C7-F3E54B164827}.Ad-Hoc|x86.ActiveCfg = Release|Any CPU
		{EF829C6D-7D00-4DF1-95C7-F3E54B164827}.AppStore|Any CPU.ActiveCfg = Release|Any CPU
		{EF829C6D-7D00-4DF1-95C7-F3E54B164827}.AppStore|ARM.ActiveCfg = Release|Any CPU
		{EF829C6D-7D00-4DF1-95C7-F3E54B164827}.AppStore|iPhone.ActiveCfg = Debug|Any CPU
		{EF829C6D-7D00-4DF1-95C7-F3E54B164827}.AppStore|iPhone.Build.0 = Debug|Any CPU
		{EF829C6D-7D00-4DF1-95C7-F3E54B164827}.AppStore|iPhoneSimulator.ActiveCfg = Release|Any CPU
		{EF829C6D-7D00-4DF1-95C7-F3E54B164827}.AppStore|Mixed Platforms.ActiveCfg = Release|Any CPU
		{EF829C6D-7D00-4DF1-95C7-F3E54B164827}.AppStore|Mixed Platforms.Build.0 = Release|Any CPU
		{EF829C6D-7D00-4DF1-95C7-F3E54B164827}.AppStore|x64.ActiveCfg = Release|Any CPU
		{EF829C6D-7D00-4DF1-95C7-F3E54B164827}.AppStore|x86.ActiveCfg = Release|Any CPU
		{EF829C6D-7D00-4DF1-95C7-F3E54B164827}.Debug|Any CPU.ActiveCfg = Debug|Any CPU
		{EF829C6D-7D00-4DF1-95C7-F3E54B164827}.Debug|Any CPU.Build.0 = Debug|Any CPU
		{EF829C6D-7D00-4DF1-95C7-F3E54B164827}.Debug|ARM.ActiveCfg = Debug|Any CPU
		{EF829C6D-7D00-4DF1-95C7-F3E54B164827}.Debug|iPhone.ActiveCfg = Debug|Any CPU
		{EF829C6D-7D00-4DF1-95C7-F3E54B164827}.Debug|iPhone.Build.0 = Debug|Any CPU
		{EF829C6D-7D00-4DF1-95C7-F3E54B164827}.Debug|iPhoneSimulator.ActiveCfg = Debug|Any CPU
		{EF829C6D-7D00-4DF1-95C7-F3E54B164827}.Debug|iPhoneSimulator.Build.0 = Debug|Any CPU
		{EF829C6D-7D00-4DF1-95C7-F3E54B164827}.Debug|Mixed Platforms.ActiveCfg = Debug|Any CPU
		{EF829C6D-7D00-4DF1-95C7-F3E54B164827}.Debug|Mixed Platforms.Build.0 = Debug|Any CPU
		{EF829C6D-7D00-4DF1-95C7-F3E54B164827}.Debug|x64.ActiveCfg = Debug|Any CPU
		{EF829C6D-7D00-4DF1-95C7-F3E54B164827}.Debug|x86.ActiveCfg = Debug|Any CPU
		{EF829C6D-7D00-4DF1-95C7-F3E54B164827}.Release|Any CPU.ActiveCfg = Release|Any CPU
		{EF829C6D-7D00-4DF1-95C7-F3E54B164827}.Release|Any CPU.Build.0 = Release|Any CPU
		{EF829C6D-7D00-4DF1-95C7-F3E54B164827}.Release|ARM.ActiveCfg = Release|Any CPU
		{EF829C6D-7D00-4DF1-95C7-F3E54B164827}.Release|iPhone.ActiveCfg = Release|Any CPU
		{EF829C6D-7D00-4DF1-95C7-F3E54B164827}.Release|iPhone.Build.0 = Release|Any CPU
		{EF829C6D-7D00-4DF1-95C7-F3E54B164827}.Release|iPhoneSimulator.ActiveCfg = Release|Any CPU
		{EF829C6D-7D00-4DF1-95C7-F3E54B164827}.Release|iPhoneSimulator.Build.0 = Release|Any CPU
		{EF829C6D-7D00-4DF1-95C7-F3E54B164827}.Release|Mixed Platforms.ActiveCfg = Release|Any CPU
		{EF829C6D-7D00-4DF1-95C7-F3E54B164827}.Release|Mixed Platforms.Build.0 = Release|Any CPU
		{EF829C6D-7D00-4DF1-95C7-F3E54B164827}.Release|x64.ActiveCfg = Release|Any CPU
		{EF829C6D-7D00-4DF1-95C7-F3E54B164827}.Release|x86.ActiveCfg = Release|Any CPU
		{B08F2425-21DB-44F5-A167-6CF0C645EA65}.Ad-Hoc|Any CPU.ActiveCfg = Release|iPhoneSimulator
		{B08F2425-21DB-44F5-A167-6CF0C645EA65}.Ad-Hoc|ARM.ActiveCfg = Release|iPhoneSimulator
		{B08F2425-21DB-44F5-A167-6CF0C645EA65}.Ad-Hoc|iPhone.ActiveCfg = Release|iPhone
		{B08F2425-21DB-44F5-A167-6CF0C645EA65}.Ad-Hoc|iPhone.Build.0 = Release|iPhone
		{B08F2425-21DB-44F5-A167-6CF0C645EA65}.Ad-Hoc|iPhoneSimulator.ActiveCfg = Release|iPhoneSimulator
		{B08F2425-21DB-44F5-A167-6CF0C645EA65}.Ad-Hoc|Mixed Platforms.ActiveCfg = Release|iPhoneSimulator
		{B08F2425-21DB-44F5-A167-6CF0C645EA65}.Ad-Hoc|Mixed Platforms.Build.0 = Release|iPhoneSimulator
		{B08F2425-21DB-44F5-A167-6CF0C645EA65}.Ad-Hoc|x64.ActiveCfg = Release|iPhoneSimulator
		{B08F2425-21DB-44F5-A167-6CF0C645EA65}.Ad-Hoc|x86.ActiveCfg = Release|iPhoneSimulator
		{B08F2425-21DB-44F5-A167-6CF0C645EA65}.AppStore|Any CPU.ActiveCfg = Release|iPhoneSimulator
		{B08F2425-21DB-44F5-A167-6CF0C645EA65}.AppStore|ARM.ActiveCfg = Release|iPhoneSimulator
		{B08F2425-21DB-44F5-A167-6CF0C645EA65}.AppStore|iPhone.ActiveCfg = Release|iPhone
		{B08F2425-21DB-44F5-A167-6CF0C645EA65}.AppStore|iPhone.Build.0 = Release|iPhone
		{B08F2425-21DB-44F5-A167-6CF0C645EA65}.AppStore|iPhoneSimulator.ActiveCfg = Release|iPhoneSimulator
		{B08F2425-21DB-44F5-A167-6CF0C645EA65}.AppStore|Mixed Platforms.ActiveCfg = Release|iPhoneSimulator
		{B08F2425-21DB-44F5-A167-6CF0C645EA65}.AppStore|Mixed Platforms.Build.0 = Release|iPhoneSimulator
		{B08F2425-21DB-44F5-A167-6CF0C645EA65}.AppStore|x64.ActiveCfg = Release|iPhoneSimulator
		{B08F2425-21DB-44F5-A167-6CF0C645EA65}.AppStore|x86.ActiveCfg = Release|iPhoneSimulator
		{B08F2425-21DB-44F5-A167-6CF0C645EA65}.Debug|Any CPU.ActiveCfg = Debug|iPhoneSimulator
		{B08F2425-21DB-44F5-A167-6CF0C645EA65}.Debug|Any CPU.Build.0 = Debug|iPhoneSimulator
		{B08F2425-21DB-44F5-A167-6CF0C645EA65}.Debug|ARM.ActiveCfg = Debug|iPhone
		{B08F2425-21DB-44F5-A167-6CF0C645EA65}.Debug|iPhone.ActiveCfg = Debug|iPhone
		{B08F2425-21DB-44F5-A167-6CF0C645EA65}.Debug|iPhone.Build.0 = Debug|iPhone
		{B08F2425-21DB-44F5-A167-6CF0C645EA65}.Debug|iPhoneSimulator.ActiveCfg = Debug|iPhoneSimulator
		{B08F2425-21DB-44F5-A167-6CF0C645EA65}.Debug|iPhoneSimulator.Build.0 = Debug|iPhoneSimulator
		{B08F2425-21DB-44F5-A167-6CF0C645EA65}.Debug|Mixed Platforms.ActiveCfg = Debug|iPhone
		{B08F2425-21DB-44F5-A167-6CF0C645EA65}.Debug|Mixed Platforms.Build.0 = Debug|iPhone
		{B08F2425-21DB-44F5-A167-6CF0C645EA65}.Debug|x64.ActiveCfg = Debug|iPhone
		{B08F2425-21DB-44F5-A167-6CF0C645EA65}.Debug|x86.ActiveCfg = Debug|iPhone
		{B08F2425-21DB-44F5-A167-6CF0C645EA65}.Release|Any CPU.ActiveCfg = Release|iPhone
		{B08F2425-21DB-44F5-A167-6CF0C645EA65}.Release|Any CPU.Build.0 = Release|iPhone
		{B08F2425-21DB-44F5-A167-6CF0C645EA65}.Release|ARM.ActiveCfg = Release|iPhoneSimulator
		{B08F2425-21DB-44F5-A167-6CF0C645EA65}.Release|iPhone.ActiveCfg = Release|iPhone
		{B08F2425-21DB-44F5-A167-6CF0C645EA65}.Release|iPhone.Build.0 = Release|iPhone
		{B08F2425-21DB-44F5-A167-6CF0C645EA65}.Release|iPhoneSimulator.ActiveCfg = Release|iPhoneSimulator
		{B08F2425-21DB-44F5-A167-6CF0C645EA65}.Release|iPhoneSimulator.Build.0 = Release|iPhoneSimulator
		{B08F2425-21DB-44F5-A167-6CF0C645EA65}.Release|Mixed Platforms.ActiveCfg = Release|iPhoneSimulator
		{B08F2425-21DB-44F5-A167-6CF0C645EA65}.Release|Mixed Platforms.Build.0 = Release|iPhoneSimulator
		{B08F2425-21DB-44F5-A167-6CF0C645EA65}.Release|x64.ActiveCfg = Release|iPhoneSimulator
		{B08F2425-21DB-44F5-A167-6CF0C645EA65}.Release|x86.ActiveCfg = Release|iPhoneSimulator
		{AE75556B-B944-4BF1-8E5F-96C7417C3CBD}.Ad-Hoc|Any CPU.ActiveCfg = Release|Any CPU
		{AE75556B-B944-4BF1-8E5F-96C7417C3CBD}.Ad-Hoc|ARM.ActiveCfg = Release|Any CPU
		{AE75556B-B944-4BF1-8E5F-96C7417C3CBD}.Ad-Hoc|iPhone.ActiveCfg = Debug|Any CPU
		{AE75556B-B944-4BF1-8E5F-96C7417C3CBD}.Ad-Hoc|iPhone.Build.0 = Debug|Any CPU
		{AE75556B-B944-4BF1-8E5F-96C7417C3CBD}.Ad-Hoc|iPhoneSimulator.ActiveCfg = Release|Any CPU
		{AE75556B-B944-4BF1-8E5F-96C7417C3CBD}.Ad-Hoc|Mixed Platforms.ActiveCfg = Release|Any CPU
		{AE75556B-B944-4BF1-8E5F-96C7417C3CBD}.Ad-Hoc|Mixed Platforms.Build.0 = Release|Any CPU
		{AE75556B-B944-4BF1-8E5F-96C7417C3CBD}.Ad-Hoc|x64.ActiveCfg = Release|Any CPU
		{AE75556B-B944-4BF1-8E5F-96C7417C3CBD}.Ad-Hoc|x86.ActiveCfg = Release|Any CPU
		{AE75556B-B944-4BF1-8E5F-96C7417C3CBD}.AppStore|Any CPU.ActiveCfg = Release|Any CPU
		{AE75556B-B944-4BF1-8E5F-96C7417C3CBD}.AppStore|ARM.ActiveCfg = Release|Any CPU
		{AE75556B-B944-4BF1-8E5F-96C7417C3CBD}.AppStore|iPhone.ActiveCfg = Debug|Any CPU
		{AE75556B-B944-4BF1-8E5F-96C7417C3CBD}.AppStore|iPhone.Build.0 = Debug|Any CPU
		{AE75556B-B944-4BF1-8E5F-96C7417C3CBD}.AppStore|iPhoneSimulator.ActiveCfg = Release|Any CPU
		{AE75556B-B944-4BF1-8E5F-96C7417C3CBD}.AppStore|Mixed Platforms.ActiveCfg = Release|Any CPU
		{AE75556B-B944-4BF1-8E5F-96C7417C3CBD}.AppStore|Mixed Platforms.Build.0 = Release|Any CPU
		{AE75556B-B944-4BF1-8E5F-96C7417C3CBD}.AppStore|x64.ActiveCfg = Release|Any CPU
		{AE75556B-B944-4BF1-8E5F-96C7417C3CBD}.AppStore|x86.ActiveCfg = Release|Any CPU
		{AE75556B-B944-4BF1-8E5F-96C7417C3CBD}.Debug|Any CPU.ActiveCfg = Debug|Any CPU
		{AE75556B-B944-4BF1-8E5F-96C7417C3CBD}.Debug|Any CPU.Build.0 = Debug|Any CPU
		{AE75556B-B944-4BF1-8E5F-96C7417C3CBD}.Debug|ARM.ActiveCfg = Debug|Any CPU
		{AE75556B-B944-4BF1-8E5F-96C7417C3CBD}.Debug|iPhone.ActiveCfg = Debug|Any CPU
		{AE75556B-B944-4BF1-8E5F-96C7417C3CBD}.Debug|iPhone.Build.0 = Debug|Any CPU
		{AE75556B-B944-4BF1-8E5F-96C7417C3CBD}.Debug|iPhoneSimulator.ActiveCfg = Debug|Any CPU
		{AE75556B-B944-4BF1-8E5F-96C7417C3CBD}.Debug|iPhoneSimulator.Build.0 = Debug|Any CPU
		{AE75556B-B944-4BF1-8E5F-96C7417C3CBD}.Debug|Mixed Platforms.ActiveCfg = Debug|Any CPU
		{AE75556B-B944-4BF1-8E5F-96C7417C3CBD}.Debug|Mixed Platforms.Build.0 = Debug|Any CPU
		{AE75556B-B944-4BF1-8E5F-96C7417C3CBD}.Debug|x64.ActiveCfg = Debug|Any CPU
		{AE75556B-B944-4BF1-8E5F-96C7417C3CBD}.Debug|x86.ActiveCfg = Debug|Any CPU
		{AE75556B-B944-4BF1-8E5F-96C7417C3CBD}.Release|Any CPU.ActiveCfg = Release|Any CPU
		{AE75556B-B944-4BF1-8E5F-96C7417C3CBD}.Release|Any CPU.Build.0 = Release|Any CPU
		{AE75556B-B944-4BF1-8E5F-96C7417C3CBD}.Release|ARM.ActiveCfg = Release|Any CPU
		{AE75556B-B944-4BF1-8E5F-96C7417C3CBD}.Release|iPhone.ActiveCfg = Release|Any CPU
		{AE75556B-B944-4BF1-8E5F-96C7417C3CBD}.Release|iPhone.Build.0 = Release|Any CPU
		{AE75556B-B944-4BF1-8E5F-96C7417C3CBD}.Release|iPhoneSimulator.ActiveCfg = Release|Any CPU
		{AE75556B-B944-4BF1-8E5F-96C7417C3CBD}.Release|iPhoneSimulator.Build.0 = Release|Any CPU
		{AE75556B-B944-4BF1-8E5F-96C7417C3CBD}.Release|Mixed Platforms.ActiveCfg = Release|Any CPU
		{AE75556B-B944-4BF1-8E5F-96C7417C3CBD}.Release|Mixed Platforms.Build.0 = Release|Any CPU
		{AE75556B-B944-4BF1-8E5F-96C7417C3CBD}.Release|x64.ActiveCfg = Release|Any CPU
		{AE75556B-B944-4BF1-8E5F-96C7417C3CBD}.Release|x86.ActiveCfg = Release|Any CPU
		{106DC2C1-66A4-4BE1-AA50-B71EAEE53804}.Ad-Hoc|Any CPU.ActiveCfg = Release|Any CPU
		{106DC2C1-66A4-4BE1-AA50-B71EAEE53804}.Ad-Hoc|ARM.ActiveCfg = Release|Any CPU
		{106DC2C1-66A4-4BE1-AA50-B71EAEE53804}.Ad-Hoc|iPhone.ActiveCfg = Debug|Any CPU
		{106DC2C1-66A4-4BE1-AA50-B71EAEE53804}.Ad-Hoc|iPhone.Build.0 = Debug|Any CPU
		{106DC2C1-66A4-4BE1-AA50-B71EAEE53804}.Ad-Hoc|iPhoneSimulator.ActiveCfg = Release|Any CPU
		{106DC2C1-66A4-4BE1-AA50-B71EAEE53804}.Ad-Hoc|Mixed Platforms.ActiveCfg = Release|Any CPU
		{106DC2C1-66A4-4BE1-AA50-B71EAEE53804}.Ad-Hoc|Mixed Platforms.Build.0 = Release|Any CPU
		{106DC2C1-66A4-4BE1-AA50-B71EAEE53804}.Ad-Hoc|x64.ActiveCfg = Release|Any CPU
		{106DC2C1-66A4-4BE1-AA50-B71EAEE53804}.Ad-Hoc|x86.ActiveCfg = Release|Any CPU
		{106DC2C1-66A4-4BE1-AA50-B71EAEE53804}.AppStore|Any CPU.ActiveCfg = Release|Any CPU
		{106DC2C1-66A4-4BE1-AA50-B71EAEE53804}.AppStore|ARM.ActiveCfg = Release|Any CPU
		{106DC2C1-66A4-4BE1-AA50-B71EAEE53804}.AppStore|iPhone.ActiveCfg = Debug|Any CPU
		{106DC2C1-66A4-4BE1-AA50-B71EAEE53804}.AppStore|iPhone.Build.0 = Debug|Any CPU
		{106DC2C1-66A4-4BE1-AA50-B71EAEE53804}.AppStore|iPhoneSimulator.ActiveCfg = Release|Any CPU
		{106DC2C1-66A4-4BE1-AA50-B71EAEE53804}.AppStore|Mixed Platforms.ActiveCfg = Release|Any CPU
		{106DC2C1-66A4-4BE1-AA50-B71EAEE53804}.AppStore|Mixed Platforms.Build.0 = Release|Any CPU
		{106DC2C1-66A4-4BE1-AA50-B71EAEE53804}.AppStore|x64.ActiveCfg = Release|Any CPU
		{106DC2C1-66A4-4BE1-AA50-B71EAEE53804}.AppStore|x86.ActiveCfg = Release|Any CPU
		{106DC2C1-66A4-4BE1-AA50-B71EAEE53804}.Debug|Any CPU.ActiveCfg = Debug|Any CPU
		{106DC2C1-66A4-4BE1-AA50-B71EAEE53804}.Debug|Any CPU.Build.0 = Debug|Any CPU
		{106DC2C1-66A4-4BE1-AA50-B71EAEE53804}.Debug|ARM.ActiveCfg = Debug|Any CPU
		{106DC2C1-66A4-4BE1-AA50-B71EAEE53804}.Debug|iPhone.ActiveCfg = Debug|Any CPU
		{106DC2C1-66A4-4BE1-AA50-B71EAEE53804}.Debug|iPhone.Build.0 = Debug|Any CPU
		{106DC2C1-66A4-4BE1-AA50-B71EAEE53804}.Debug|iPhoneSimulator.ActiveCfg = Debug|Any CPU
		{106DC2C1-66A4-4BE1-AA50-B71EAEE53804}.Debug|iPhoneSimulator.Build.0 = Debug|Any CPU
		{106DC2C1-66A4-4BE1-AA50-B71EAEE53804}.Debug|Mixed Platforms.ActiveCfg = Debug|Any CPU
		{106DC2C1-66A4-4BE1-AA50-B71EAEE53804}.Debug|Mixed Platforms.Build.0 = Debug|Any CPU
		{106DC2C1-66A4-4BE1-AA50-B71EAEE53804}.Debug|x64.ActiveCfg = Debug|Any CPU
		{106DC2C1-66A4-4BE1-AA50-B71EAEE53804}.Debug|x86.ActiveCfg = Debug|Any CPU
		{106DC2C1-66A4-4BE1-AA50-B71EAEE53804}.Release|Any CPU.ActiveCfg = Release|Any CPU
		{106DC2C1-66A4-4BE1-AA50-B71EAEE53804}.Release|Any CPU.Build.0 = Release|Any CPU
		{106DC2C1-66A4-4BE1-AA50-B71EAEE53804}.Release|ARM.ActiveCfg = Release|Any CPU
		{106DC2C1-66A4-4BE1-AA50-B71EAEE53804}.Release|iPhone.ActiveCfg = Release|Any CPU
		{106DC2C1-66A4-4BE1-AA50-B71EAEE53804}.Release|iPhone.Build.0 = Release|Any CPU
		{106DC2C1-66A4-4BE1-AA50-B71EAEE53804}.Release|iPhoneSimulator.ActiveCfg = Release|Any CPU
		{106DC2C1-66A4-4BE1-AA50-B71EAEE53804}.Release|iPhoneSimulator.Build.0 = Release|Any CPU
		{106DC2C1-66A4-4BE1-AA50-B71EAEE53804}.Release|Mixed Platforms.ActiveCfg = Release|Any CPU
		{106DC2C1-66A4-4BE1-AA50-B71EAEE53804}.Release|Mixed Platforms.Build.0 = Release|Any CPU
		{106DC2C1-66A4-4BE1-AA50-B71EAEE53804}.Release|x64.ActiveCfg = Release|Any CPU
		{106DC2C1-66A4-4BE1-AA50-B71EAEE53804}.Release|x86.ActiveCfg = Release|Any CPU
		{73D7AF72-9428-469F-9832-4ABAEB5F22F3}.Ad-Hoc|Any CPU.ActiveCfg = Release|Any CPU
		{73D7AF72-9428-469F-9832-4ABAEB5F22F3}.Ad-Hoc|Any CPU.Build.0 = Release|Any CPU
		{73D7AF72-9428-469F-9832-4ABAEB5F22F3}.Ad-Hoc|Any CPU.Deploy.0 = Release|Any CPU
		{73D7AF72-9428-469F-9832-4ABAEB5F22F3}.Ad-Hoc|ARM.ActiveCfg = Release|ARM
		{73D7AF72-9428-469F-9832-4ABAEB5F22F3}.Ad-Hoc|ARM.Build.0 = Release|ARM
		{73D7AF72-9428-469F-9832-4ABAEB5F22F3}.Ad-Hoc|ARM.Deploy.0 = Release|ARM
		{73D7AF72-9428-469F-9832-4ABAEB5F22F3}.Ad-Hoc|iPhone.ActiveCfg = Release|Any CPU
		{73D7AF72-9428-469F-9832-4ABAEB5F22F3}.Ad-Hoc|iPhoneSimulator.ActiveCfg = Release|Any CPU
		{73D7AF72-9428-469F-9832-4ABAEB5F22F3}.Ad-Hoc|Mixed Platforms.ActiveCfg = Release|x86
		{73D7AF72-9428-469F-9832-4ABAEB5F22F3}.Ad-Hoc|Mixed Platforms.Build.0 = Release|x86
		{73D7AF72-9428-469F-9832-4ABAEB5F22F3}.Ad-Hoc|Mixed Platforms.Deploy.0 = Release|x86
		{73D7AF72-9428-469F-9832-4ABAEB5F22F3}.Ad-Hoc|x64.ActiveCfg = Release|x64
		{73D7AF72-9428-469F-9832-4ABAEB5F22F3}.Ad-Hoc|x64.Build.0 = Release|x64
		{73D7AF72-9428-469F-9832-4ABAEB5F22F3}.Ad-Hoc|x64.Deploy.0 = Release|x64
		{73D7AF72-9428-469F-9832-4ABAEB5F22F3}.Ad-Hoc|x86.ActiveCfg = Release|x86
		{73D7AF72-9428-469F-9832-4ABAEB5F22F3}.Ad-Hoc|x86.Build.0 = Release|x86
		{73D7AF72-9428-469F-9832-4ABAEB5F22F3}.Ad-Hoc|x86.Deploy.0 = Release|x86
		{73D7AF72-9428-469F-9832-4ABAEB5F22F3}.AppStore|Any CPU.ActiveCfg = Release|Any CPU
		{73D7AF72-9428-469F-9832-4ABAEB5F22F3}.AppStore|Any CPU.Build.0 = Release|Any CPU
		{73D7AF72-9428-469F-9832-4ABAEB5F22F3}.AppStore|Any CPU.Deploy.0 = Release|Any CPU
		{73D7AF72-9428-469F-9832-4ABAEB5F22F3}.AppStore|ARM.ActiveCfg = Release|ARM
		{73D7AF72-9428-469F-9832-4ABAEB5F22F3}.AppStore|ARM.Build.0 = Release|ARM
		{73D7AF72-9428-469F-9832-4ABAEB5F22F3}.AppStore|ARM.Deploy.0 = Release|ARM
		{73D7AF72-9428-469F-9832-4ABAEB5F22F3}.AppStore|iPhone.ActiveCfg = Release|Any CPU
		{73D7AF72-9428-469F-9832-4ABAEB5F22F3}.AppStore|iPhoneSimulator.ActiveCfg = Release|Any CPU
		{73D7AF72-9428-469F-9832-4ABAEB5F22F3}.AppStore|Mixed Platforms.ActiveCfg = Release|x86
		{73D7AF72-9428-469F-9832-4ABAEB5F22F3}.AppStore|Mixed Platforms.Build.0 = Release|x86
		{73D7AF72-9428-469F-9832-4ABAEB5F22F3}.AppStore|Mixed Platforms.Deploy.0 = Release|x86
		{73D7AF72-9428-469F-9832-4ABAEB5F22F3}.AppStore|x64.ActiveCfg = Release|x64
		{73D7AF72-9428-469F-9832-4ABAEB5F22F3}.AppStore|x64.Build.0 = Release|x64
		{73D7AF72-9428-469F-9832-4ABAEB5F22F3}.AppStore|x64.Deploy.0 = Release|x64
		{73D7AF72-9428-469F-9832-4ABAEB5F22F3}.AppStore|x86.ActiveCfg = Release|x86
		{73D7AF72-9428-469F-9832-4ABAEB5F22F3}.AppStore|x86.Build.0 = Release|x86
		{73D7AF72-9428-469F-9832-4ABAEB5F22F3}.AppStore|x86.Deploy.0 = Release|x86
		{73D7AF72-9428-469F-9832-4ABAEB5F22F3}.Debug|Any CPU.ActiveCfg = Debug|Any CPU
		{73D7AF72-9428-469F-9832-4ABAEB5F22F3}.Debug|Any CPU.Build.0 = Debug|Any CPU
		{73D7AF72-9428-469F-9832-4ABAEB5F22F3}.Debug|Any CPU.Deploy.0 = Debug|Any CPU
		{73D7AF72-9428-469F-9832-4ABAEB5F22F3}.Debug|ARM.ActiveCfg = Debug|ARM
		{73D7AF72-9428-469F-9832-4ABAEB5F22F3}.Debug|ARM.Build.0 = Debug|ARM
		{73D7AF72-9428-469F-9832-4ABAEB5F22F3}.Debug|ARM.Deploy.0 = Debug|ARM
		{73D7AF72-9428-469F-9832-4ABAEB5F22F3}.Debug|iPhone.ActiveCfg = Debug|Any CPU
		{73D7AF72-9428-469F-9832-4ABAEB5F22F3}.Debug|iPhoneSimulator.ActiveCfg = Debug|Any CPU
		{73D7AF72-9428-469F-9832-4ABAEB5F22F3}.Debug|Mixed Platforms.ActiveCfg = Debug|x86
		{73D7AF72-9428-469F-9832-4ABAEB5F22F3}.Debug|Mixed Platforms.Build.0 = Debug|x86
		{73D7AF72-9428-469F-9832-4ABAEB5F22F3}.Debug|Mixed Platforms.Deploy.0 = Debug|x86
		{73D7AF72-9428-469F-9832-4ABAEB5F22F3}.Debug|x64.ActiveCfg = Debug|x64
		{73D7AF72-9428-469F-9832-4ABAEB5F22F3}.Debug|x64.Build.0 = Debug|x64
		{73D7AF72-9428-469F-9832-4ABAEB5F22F3}.Debug|x64.Deploy.0 = Debug|x64
		{73D7AF72-9428-469F-9832-4ABAEB5F22F3}.Debug|x86.ActiveCfg = Debug|x86
		{73D7AF72-9428-469F-9832-4ABAEB5F22F3}.Debug|x86.Build.0 = Debug|x86
		{73D7AF72-9428-469F-9832-4ABAEB5F22F3}.Debug|x86.Deploy.0 = Debug|x86
		{73D7AF72-9428-469F-9832-4ABAEB5F22F3}.Release|Any CPU.ActiveCfg = Release|Any CPU
		{73D7AF72-9428-469F-9832-4ABAEB5F22F3}.Release|Any CPU.Build.0 = Release|Any CPU
		{73D7AF72-9428-469F-9832-4ABAEB5F22F3}.Release|Any CPU.Deploy.0 = Release|Any CPU
		{73D7AF72-9428-469F-9832-4ABAEB5F22F3}.Release|ARM.ActiveCfg = Release|ARM
		{73D7AF72-9428-469F-9832-4ABAEB5F22F3}.Release|ARM.Build.0 = Release|ARM
		{73D7AF72-9428-469F-9832-4ABAEB5F22F3}.Release|ARM.Deploy.0 = Release|ARM
		{73D7AF72-9428-469F-9832-4ABAEB5F22F3}.Release|iPhone.ActiveCfg = Release|Any CPU
		{73D7AF72-9428-469F-9832-4ABAEB5F22F3}.Release|iPhoneSimulator.ActiveCfg = Release|Any CPU
		{73D7AF72-9428-469F-9832-4ABAEB5F22F3}.Release|Mixed Platforms.ActiveCfg = Release|x86
		{73D7AF72-9428-469F-9832-4ABAEB5F22F3}.Release|Mixed Platforms.Build.0 = Release|x86
		{73D7AF72-9428-469F-9832-4ABAEB5F22F3}.Release|Mixed Platforms.Deploy.0 = Release|x86
		{73D7AF72-9428-469F-9832-4ABAEB5F22F3}.Release|x64.ActiveCfg = Release|x64
		{73D7AF72-9428-469F-9832-4ABAEB5F22F3}.Release|x64.Build.0 = Release|x64
		{73D7AF72-9428-469F-9832-4ABAEB5F22F3}.Release|x64.Deploy.0 = Release|x64
		{73D7AF72-9428-469F-9832-4ABAEB5F22F3}.Release|x86.ActiveCfg = Release|x86
		{73D7AF72-9428-469F-9832-4ABAEB5F22F3}.Release|x86.Build.0 = Release|x86
		{73D7AF72-9428-469F-9832-4ABAEB5F22F3}.Release|x86.Deploy.0 = Release|x86
		{3B936442-E142-4ED6-A9BB-BF14E5C10113}.Ad-Hoc|Any CPU.ActiveCfg = Release|Any CPU
		{3B936442-E142-4ED6-A9BB-BF14E5C10113}.Ad-Hoc|Any CPU.Build.0 = Release|Any CPU
		{3B936442-E142-4ED6-A9BB-BF14E5C10113}.Ad-Hoc|Any CPU.Deploy.0 = Release|Any CPU
		{3B936442-E142-4ED6-A9BB-BF14E5C10113}.Ad-Hoc|ARM.ActiveCfg = Release|ARM
		{3B936442-E142-4ED6-A9BB-BF14E5C10113}.Ad-Hoc|ARM.Build.0 = Release|ARM
		{3B936442-E142-4ED6-A9BB-BF14E5C10113}.Ad-Hoc|ARM.Deploy.0 = Release|ARM
		{3B936442-E142-4ED6-A9BB-BF14E5C10113}.Ad-Hoc|iPhone.ActiveCfg = Release|Any CPU
		{3B936442-E142-4ED6-A9BB-BF14E5C10113}.Ad-Hoc|iPhoneSimulator.ActiveCfg = Release|Any CPU
		{3B936442-E142-4ED6-A9BB-BF14E5C10113}.Ad-Hoc|Mixed Platforms.ActiveCfg = Release|x86
		{3B936442-E142-4ED6-A9BB-BF14E5C10113}.Ad-Hoc|Mixed Platforms.Build.0 = Release|x86
		{3B936442-E142-4ED6-A9BB-BF14E5C10113}.Ad-Hoc|Mixed Platforms.Deploy.0 = Release|x86
		{3B936442-E142-4ED6-A9BB-BF14E5C10113}.Ad-Hoc|x64.ActiveCfg = Release|Any CPU
		{3B936442-E142-4ED6-A9BB-BF14E5C10113}.Ad-Hoc|x86.ActiveCfg = Release|x86
		{3B936442-E142-4ED6-A9BB-BF14E5C10113}.Ad-Hoc|x86.Build.0 = Release|x86
		{3B936442-E142-4ED6-A9BB-BF14E5C10113}.Ad-Hoc|x86.Deploy.0 = Release|x86
		{3B936442-E142-4ED6-A9BB-BF14E5C10113}.AppStore|Any CPU.ActiveCfg = Release|Any CPU
		{3B936442-E142-4ED6-A9BB-BF14E5C10113}.AppStore|Any CPU.Build.0 = Release|Any CPU
		{3B936442-E142-4ED6-A9BB-BF14E5C10113}.AppStore|Any CPU.Deploy.0 = Release|Any CPU
		{3B936442-E142-4ED6-A9BB-BF14E5C10113}.AppStore|ARM.ActiveCfg = Release|ARM
		{3B936442-E142-4ED6-A9BB-BF14E5C10113}.AppStore|ARM.Build.0 = Release|ARM
		{3B936442-E142-4ED6-A9BB-BF14E5C10113}.AppStore|ARM.Deploy.0 = Release|ARM
		{3B936442-E142-4ED6-A9BB-BF14E5C10113}.AppStore|iPhone.ActiveCfg = Release|Any CPU
		{3B936442-E142-4ED6-A9BB-BF14E5C10113}.AppStore|iPhoneSimulator.ActiveCfg = Release|Any CPU
		{3B936442-E142-4ED6-A9BB-BF14E5C10113}.AppStore|Mixed Platforms.ActiveCfg = Release|x86
		{3B936442-E142-4ED6-A9BB-BF14E5C10113}.AppStore|Mixed Platforms.Build.0 = Release|x86
		{3B936442-E142-4ED6-A9BB-BF14E5C10113}.AppStore|Mixed Platforms.Deploy.0 = Release|x86
		{3B936442-E142-4ED6-A9BB-BF14E5C10113}.AppStore|x64.ActiveCfg = Release|Any CPU
		{3B936442-E142-4ED6-A9BB-BF14E5C10113}.AppStore|x86.ActiveCfg = Release|x86
		{3B936442-E142-4ED6-A9BB-BF14E5C10113}.AppStore|x86.Build.0 = Release|x86
		{3B936442-E142-4ED6-A9BB-BF14E5C10113}.AppStore|x86.Deploy.0 = Release|x86
		{3B936442-E142-4ED6-A9BB-BF14E5C10113}.Debug|Any CPU.ActiveCfg = Debug|Any CPU
		{3B936442-E142-4ED6-A9BB-BF14E5C10113}.Debug|Any CPU.Build.0 = Debug|Any CPU
		{3B936442-E142-4ED6-A9BB-BF14E5C10113}.Debug|Any CPU.Deploy.0 = Debug|Any CPU
		{3B936442-E142-4ED6-A9BB-BF14E5C10113}.Debug|ARM.ActiveCfg = Debug|ARM
		{3B936442-E142-4ED6-A9BB-BF14E5C10113}.Debug|ARM.Build.0 = Debug|ARM
		{3B936442-E142-4ED6-A9BB-BF14E5C10113}.Debug|ARM.Deploy.0 = Debug|ARM
		{3B936442-E142-4ED6-A9BB-BF14E5C10113}.Debug|iPhone.ActiveCfg = Debug|Any CPU
		{3B936442-E142-4ED6-A9BB-BF14E5C10113}.Debug|iPhoneSimulator.ActiveCfg = Debug|Any CPU
		{3B936442-E142-4ED6-A9BB-BF14E5C10113}.Debug|Mixed Platforms.ActiveCfg = Debug|x86
		{3B936442-E142-4ED6-A9BB-BF14E5C10113}.Debug|Mixed Platforms.Build.0 = Debug|x86
		{3B936442-E142-4ED6-A9BB-BF14E5C10113}.Debug|Mixed Platforms.Deploy.0 = Debug|x86
		{3B936442-E142-4ED6-A9BB-BF14E5C10113}.Debug|x64.ActiveCfg = Debug|Any CPU
		{3B936442-E142-4ED6-A9BB-BF14E5C10113}.Debug|x86.ActiveCfg = Debug|x86
		{3B936442-E142-4ED6-A9BB-BF14E5C10113}.Debug|x86.Build.0 = Debug|x86
		{3B936442-E142-4ED6-A9BB-BF14E5C10113}.Debug|x86.Deploy.0 = Debug|x86
		{3B936442-E142-4ED6-A9BB-BF14E5C10113}.Release|Any CPU.ActiveCfg = Release|Any CPU
		{3B936442-E142-4ED6-A9BB-BF14E5C10113}.Release|Any CPU.Build.0 = Release|Any CPU
		{3B936442-E142-4ED6-A9BB-BF14E5C10113}.Release|Any CPU.Deploy.0 = Release|Any CPU
		{3B936442-E142-4ED6-A9BB-BF14E5C10113}.Release|ARM.ActiveCfg = Release|ARM
		{3B936442-E142-4ED6-A9BB-BF14E5C10113}.Release|ARM.Build.0 = Release|ARM
		{3B936442-E142-4ED6-A9BB-BF14E5C10113}.Release|ARM.Deploy.0 = Release|ARM
		{3B936442-E142-4ED6-A9BB-BF14E5C10113}.Release|iPhone.ActiveCfg = Release|Any CPU
		{3B936442-E142-4ED6-A9BB-BF14E5C10113}.Release|iPhoneSimulator.ActiveCfg = Release|Any CPU
		{3B936442-E142-4ED6-A9BB-BF14E5C10113}.Release|Mixed Platforms.ActiveCfg = Release|x86
		{3B936442-E142-4ED6-A9BB-BF14E5C10113}.Release|Mixed Platforms.Build.0 = Release|x86
		{3B936442-E142-4ED6-A9BB-BF14E5C10113}.Release|Mixed Platforms.Deploy.0 = Release|x86
		{3B936442-E142-4ED6-A9BB-BF14E5C10113}.Release|x64.ActiveCfg = Release|Any CPU
		{3B936442-E142-4ED6-A9BB-BF14E5C10113}.Release|x86.ActiveCfg = Release|x86
		{3B936442-E142-4ED6-A9BB-BF14E5C10113}.Release|x86.Build.0 = Release|x86
		{3B936442-E142-4ED6-A9BB-BF14E5C10113}.Release|x86.Deploy.0 = Release|x86
		{4050C517-87E5-4600-B2AF-1EAC40E044FB}.Ad-Hoc|Any CPU.ActiveCfg = Release|Any CPU
		{4050C517-87E5-4600-B2AF-1EAC40E044FB}.Ad-Hoc|Any CPU.Build.0 = Release|Any CPU
		{4050C517-87E5-4600-B2AF-1EAC40E044FB}.Ad-Hoc|Any CPU.Deploy.0 = Release|Any CPU
		{4050C517-87E5-4600-B2AF-1EAC40E044FB}.Ad-Hoc|ARM.ActiveCfg = Release|ARM
		{4050C517-87E5-4600-B2AF-1EAC40E044FB}.Ad-Hoc|ARM.Build.0 = Release|ARM
		{4050C517-87E5-4600-B2AF-1EAC40E044FB}.Ad-Hoc|ARM.Deploy.0 = Release|ARM
		{4050C517-87E5-4600-B2AF-1EAC40E044FB}.Ad-Hoc|iPhone.ActiveCfg = Release|Any CPU
		{4050C517-87E5-4600-B2AF-1EAC40E044FB}.Ad-Hoc|iPhoneSimulator.ActiveCfg = Release|Any CPU
		{4050C517-87E5-4600-B2AF-1EAC40E044FB}.Ad-Hoc|Mixed Platforms.ActiveCfg = Release|x86
		{4050C517-87E5-4600-B2AF-1EAC40E044FB}.Ad-Hoc|Mixed Platforms.Build.0 = Release|x86
		{4050C517-87E5-4600-B2AF-1EAC40E044FB}.Ad-Hoc|Mixed Platforms.Deploy.0 = Release|x86
		{4050C517-87E5-4600-B2AF-1EAC40E044FB}.Ad-Hoc|x64.ActiveCfg = Release|Any CPU
		{4050C517-87E5-4600-B2AF-1EAC40E044FB}.Ad-Hoc|x86.ActiveCfg = Release|x86
		{4050C517-87E5-4600-B2AF-1EAC40E044FB}.Ad-Hoc|x86.Build.0 = Release|x86
		{4050C517-87E5-4600-B2AF-1EAC40E044FB}.Ad-Hoc|x86.Deploy.0 = Release|x86
		{4050C517-87E5-4600-B2AF-1EAC40E044FB}.AppStore|Any CPU.ActiveCfg = Release|Any CPU
		{4050C517-87E5-4600-B2AF-1EAC40E044FB}.AppStore|Any CPU.Build.0 = Release|Any CPU
		{4050C517-87E5-4600-B2AF-1EAC40E044FB}.AppStore|Any CPU.Deploy.0 = Release|Any CPU
		{4050C517-87E5-4600-B2AF-1EAC40E044FB}.AppStore|ARM.ActiveCfg = Release|ARM
		{4050C517-87E5-4600-B2AF-1EAC40E044FB}.AppStore|ARM.Build.0 = Release|ARM
		{4050C517-87E5-4600-B2AF-1EAC40E044FB}.AppStore|ARM.Deploy.0 = Release|ARM
		{4050C517-87E5-4600-B2AF-1EAC40E044FB}.AppStore|iPhone.ActiveCfg = Release|Any CPU
		{4050C517-87E5-4600-B2AF-1EAC40E044FB}.AppStore|iPhoneSimulator.ActiveCfg = Release|Any CPU
		{4050C517-87E5-4600-B2AF-1EAC40E044FB}.AppStore|Mixed Platforms.ActiveCfg = Release|x86
		{4050C517-87E5-4600-B2AF-1EAC40E044FB}.AppStore|Mixed Platforms.Build.0 = Release|x86
		{4050C517-87E5-4600-B2AF-1EAC40E044FB}.AppStore|Mixed Platforms.Deploy.0 = Release|x86
		{4050C517-87E5-4600-B2AF-1EAC40E044FB}.AppStore|x64.ActiveCfg = Release|Any CPU
		{4050C517-87E5-4600-B2AF-1EAC40E044FB}.AppStore|x86.ActiveCfg = Release|x86
		{4050C517-87E5-4600-B2AF-1EAC40E044FB}.AppStore|x86.Build.0 = Release|x86
		{4050C517-87E5-4600-B2AF-1EAC40E044FB}.AppStore|x86.Deploy.0 = Release|x86
		{4050C517-87E5-4600-B2AF-1EAC40E044FB}.Debug|Any CPU.ActiveCfg = Debug|Any CPU
		{4050C517-87E5-4600-B2AF-1EAC40E044FB}.Debug|Any CPU.Build.0 = Debug|Any CPU
		{4050C517-87E5-4600-B2AF-1EAC40E044FB}.Debug|Any CPU.Deploy.0 = Debug|Any CPU
		{4050C517-87E5-4600-B2AF-1EAC40E044FB}.Debug|ARM.ActiveCfg = Debug|ARM
		{4050C517-87E5-4600-B2AF-1EAC40E044FB}.Debug|ARM.Build.0 = Debug|ARM
		{4050C517-87E5-4600-B2AF-1EAC40E044FB}.Debug|ARM.Deploy.0 = Debug|ARM
		{4050C517-87E5-4600-B2AF-1EAC40E044FB}.Debug|iPhone.ActiveCfg = Debug|Any CPU
		{4050C517-87E5-4600-B2AF-1EAC40E044FB}.Debug|iPhoneSimulator.ActiveCfg = Debug|Any CPU
		{4050C517-87E5-4600-B2AF-1EAC40E044FB}.Debug|Mixed Platforms.ActiveCfg = Debug|x86
		{4050C517-87E5-4600-B2AF-1EAC40E044FB}.Debug|Mixed Platforms.Build.0 = Debug|x86
		{4050C517-87E5-4600-B2AF-1EAC40E044FB}.Debug|Mixed Platforms.Deploy.0 = Debug|x86
		{4050C517-87E5-4600-B2AF-1EAC40E044FB}.Debug|x64.ActiveCfg = Debug|Any CPU
		{4050C517-87E5-4600-B2AF-1EAC40E044FB}.Debug|x86.ActiveCfg = Debug|x86
		{4050C517-87E5-4600-B2AF-1EAC40E044FB}.Debug|x86.Build.0 = Debug|x86
		{4050C517-87E5-4600-B2AF-1EAC40E044FB}.Debug|x86.Deploy.0 = Debug|x86
		{4050C517-87E5-4600-B2AF-1EAC40E044FB}.Release|Any CPU.ActiveCfg = Release|Any CPU
		{4050C517-87E5-4600-B2AF-1EAC40E044FB}.Release|Any CPU.Build.0 = Release|Any CPU
		{4050C517-87E5-4600-B2AF-1EAC40E044FB}.Release|Any CPU.Deploy.0 = Release|Any CPU
		{4050C517-87E5-4600-B2AF-1EAC40E044FB}.Release|ARM.ActiveCfg = Release|ARM
		{4050C517-87E5-4600-B2AF-1EAC40E044FB}.Release|ARM.Build.0 = Release|ARM
		{4050C517-87E5-4600-B2AF-1EAC40E044FB}.Release|ARM.Deploy.0 = Release|ARM
		{4050C517-87E5-4600-B2AF-1EAC40E044FB}.Release|iPhone.ActiveCfg = Release|Any CPU
		{4050C517-87E5-4600-B2AF-1EAC40E044FB}.Release|iPhoneSimulator.ActiveCfg = Release|Any CPU
		{4050C517-87E5-4600-B2AF-1EAC40E044FB}.Release|Mixed Platforms.ActiveCfg = Release|x86
		{4050C517-87E5-4600-B2AF-1EAC40E044FB}.Release|Mixed Platforms.Build.0 = Release|x86
		{4050C517-87E5-4600-B2AF-1EAC40E044FB}.Release|Mixed Platforms.Deploy.0 = Release|x86
		{4050C517-87E5-4600-B2AF-1EAC40E044FB}.Release|x64.ActiveCfg = Release|Any CPU
		{4050C517-87E5-4600-B2AF-1EAC40E044FB}.Release|x86.ActiveCfg = Release|x86
		{4050C517-87E5-4600-B2AF-1EAC40E044FB}.Release|x86.Build.0 = Release|x86
		{4050C517-87E5-4600-B2AF-1EAC40E044FB}.Release|x86.Deploy.0 = Release|x86
	EndGlobalSection
	GlobalSection(SolutionProperties) = preSolution
		HideSolutionNode = FALSE
	EndGlobalSection
	GlobalSection(NestedProjects) = preSolution
		{56A26506-A1E0-4742-9DAB-D7D8EC0E6D58} = {A16077B2-D76C-4F85-B018-6301347A2719}
		{73D7AF72-9428-469F-9832-4ABAEB5F22F3} = {A16077B2-D76C-4F85-B018-6301347A2719}
		{3B936442-E142-4ED6-A9BB-BF14E5C10113} = {A16077B2-D76C-4F85-B018-6301347A2719}
	EndGlobalSection
	GlobalSection(MonoDevelopProperties) = preSolution
		Policies = $0
		$0.DotNetNamingPolicy = $1
		$1.DirectoryNamespaceAssociation = None
		$1.ResourceNamePolicy = FileFormatDefault
		$0.TextStylePolicy = $9
		$2.inheritsSet = null
		$2.scope = text/x-csharp
		$0.CSharpFormattingPolicy = $3
		$3.AfterDelegateDeclarationParameterComma = True
		$3.inheritsSet = Mono
		$3.inheritsScope = text/x-csharp
		$3.scope = text/x-csharp
		$4.FileWidth = 120
		$4.inheritsSet = VisualStudio
		$4.inheritsScope = text/plain
		$4.scope = text/plain
		$5.inheritsSet = null
		$5.scope = application/xml
		$0.XmlFormattingPolicy = $10
		$6.inheritsSet = Mono
		$6.inheritsScope = application/xml
		$6.scope = application/xml
		$7.inheritsSet = null
		$7.scope = application/config+xml
		$8.inheritsSet = null
		$8.scope = application/config+xml
		$9.inheritsSet = null
		$9.scope = application/vnd.apple-xcode-storyboard
		$10.inheritsSet = null
		$10.scope = application/vnd.apple-xcode-storyboard
		$0.StandardHeader = $11
		$11.Text = 
		$11.IncludeInNewFiles = True
		$0.NameConventionPolicy = $12
		$12.Rules = $13
		$13.NamingRule = $33
		$14.Name = Namespaces
		$14.AffectedEntity = Namespace
		$14.VisibilityMask = VisibilityMask
		$14.NamingStyle = PascalCase
		$14.IncludeInstanceMembers = True
		$14.IncludeStaticEntities = True
		$15.Name = Types
		$15.AffectedEntity = Class, Struct, Enum, Delegate
		$15.VisibilityMask = Public
		$15.NamingStyle = PascalCase
		$15.IncludeInstanceMembers = True
		$15.IncludeStaticEntities = True
		$16.Name = Interfaces
		$16.RequiredPrefixes = $17
		$17.String = I
		$16.AffectedEntity = Interface
		$16.VisibilityMask = Public
		$16.NamingStyle = PascalCase
		$16.IncludeInstanceMembers = True
		$16.IncludeStaticEntities = True
		$18.Name = Attributes
		$18.RequiredSuffixes = $19
		$19.String = Attribute
		$18.AffectedEntity = CustomAttributes
		$18.VisibilityMask = Public
		$18.NamingStyle = PascalCase
		$18.IncludeInstanceMembers = True
		$18.IncludeStaticEntities = True
		$20.Name = Event Arguments
		$20.RequiredSuffixes = $21
		$21.String = EventArgs
		$20.AffectedEntity = CustomEventArgs
		$20.VisibilityMask = Public
		$20.NamingStyle = PascalCase
		$20.IncludeInstanceMembers = True
		$20.IncludeStaticEntities = True
		$22.Name = Exceptions
		$22.RequiredSuffixes = $23
		$23.String = Exception
		$22.AffectedEntity = CustomExceptions
		$22.VisibilityMask = VisibilityMask
		$22.NamingStyle = PascalCase
		$22.IncludeInstanceMembers = True
		$22.IncludeStaticEntities = True
		$24.Name = Methods
		$24.AffectedEntity = Methods
		$24.VisibilityMask = Protected, Public
		$24.NamingStyle = PascalCase
		$24.IncludeInstanceMembers = True
		$24.IncludeStaticEntities = True
		$25.Name = Static Readonly Fields
		$25.AffectedEntity = ReadonlyField
		$25.VisibilityMask = Protected, Public
		$25.NamingStyle = PascalCase
		$25.IncludeInstanceMembers = False
		$25.IncludeStaticEntities = True
		$26.Name = Fields
		$26.AffectedEntity = Field
		$26.VisibilityMask = Protected, Public
		$26.NamingStyle = PascalCase
		$26.IncludeInstanceMembers = True
		$26.IncludeStaticEntities = True
		$27.Name = ReadOnly Fields
		$27.AffectedEntity = ReadonlyField
		$27.VisibilityMask = Protected, Public
		$27.NamingStyle = PascalCase
		$27.IncludeInstanceMembers = True
		$27.IncludeStaticEntities = False
		$28.Name = Constant Fields
		$28.AffectedEntity = ConstantField
		$28.VisibilityMask = Protected, Public
		$28.NamingStyle = PascalCase
		$28.IncludeInstanceMembers = True
		$28.IncludeStaticEntities = True
		$29.Name = Properties
		$29.AffectedEntity = Property
		$29.VisibilityMask = Protected, Public
		$29.NamingStyle = PascalCase
		$29.IncludeInstanceMembers = True
		$29.IncludeStaticEntities = True
		$30.Name = Events
		$30.AffectedEntity = Event
		$30.VisibilityMask = Protected, Public
		$30.NamingStyle = PascalCase
		$30.IncludeInstanceMembers = True
		$30.IncludeStaticEntities = True
		$31.Name = Enum Members
		$31.AffectedEntity = EnumMember
		$31.VisibilityMask = VisibilityMask
		$31.NamingStyle = PascalCase
		$31.IncludeInstanceMembers = True
		$31.IncludeStaticEntities = True
		$32.Name = Parameters
		$32.AffectedEntity = Parameter
		$32.VisibilityMask = VisibilityMask
		$32.NamingStyle = CamelCase
		$32.IncludeInstanceMembers = True
		$32.IncludeStaticEntities = True
		$33.Name = Type Parameters
		$33.RequiredPrefixes = $34
		$34.String = T
		$33.AffectedEntity = TypeParameter
		$33.VisibilityMask = VisibilityMask
		$33.NamingStyle = PascalCase
		$33.IncludeInstanceMembers = True
		$33.IncludeStaticEntities = True
		description = Xamarin Bindings Solution
		version = 4.0.2
	EndGlobalSection
EndGlobal
