
Microsoft Visual Studio Solution File, Format Version 12.00
# Visual Studio 2012
Project("{FAE04EC0-301F-11D3-BF4B-00C04F79EFBC}") = "AdjustSdk.Xamarin.iOS", "AdjustSdk.Xamarin.iOS\AdjustSdk.Xamarin.iOS.csproj", "{6736B825-A5A2-4F17-B08A-B6D2A6BDD08F}"
EndProject
Project("{FAE04EC0-301F-11D3-BF4B-00C04F79EFBC}") = "Example", "Example\Example.csproj", "{9E11E9CF-35E6-4629-9CEC-BA947607E70D}"
EndProject
Global
	GlobalSection(SolutionConfigurationPlatforms) = preSolution
		Debug|Any CPU = Debug|Any CPU
		Release|Any CPU = Release|Any CPU
		Debug|iPhoneSimulator = Debug|iPhoneSimulator
		Release|iPhone = Release|iPhone
		Release|iPhoneSimulator = Release|iPhoneSimulator
		Debug|iPhone = Debug|iPhone
	EndGlobalSection
	GlobalSection(ProjectConfigurationPlatforms) = postSolution
		{6736B825-A5A2-4F17-B08A-B6D2A6BDD08F}.Debug|Any CPU.ActiveCfg = Debug|Any CPU
		{6736B825-A5A2-4F17-B08A-B6D2A6BDD08F}.Debug|Any CPU.Build.0 = Debug|Any CPU
		{6736B825-A5A2-4F17-B08A-B6D2A6BDD08F}.Release|Any CPU.ActiveCfg = Release|Any CPU
		{6736B825-A5A2-4F17-B08A-B6D2A6BDD08F}.Release|Any CPU.Build.0 = Release|Any CPU
		{6736B825-A5A2-4F17-B08A-B6D2A6BDD08F}.Debug|iPhoneSimulator.ActiveCfg = Debug|Any CPU
		{6736B825-A5A2-4F17-B08A-B6D2A6BDD08F}.Debug|iPhoneSimulator.Build.0 = Debug|Any CPU
		{6736B825-A5A2-4F17-B08A-B6D2A6BDD08F}.Release|iPhone.ActiveCfg = Release|Any CPU
		{6736B825-A5A2-4F17-B08A-B6D2A6BDD08F}.Release|iPhone.Build.0 = Release|Any CPU
		{6736B825-A5A2-4F17-B08A-B6D2A6BDD08F}.Release|iPhoneSimulator.ActiveCfg = Release|Any CPU
		{6736B825-A5A2-4F17-B08A-B6D2A6BDD08F}.Release|iPhoneSimulator.Build.0 = Release|Any CPU
		{6736B825-A5A2-4F17-B08A-B6D2A6BDD08F}.Debug|iPhone.ActiveCfg = Debug|Any CPU
		{6736B825-A5A2-4F17-B08A-B6D2A6BDD08F}.Debug|iPhone.Build.0 = Debug|Any CPU
		{9E11E9CF-35E6-4629-9CEC-BA947607E70D}.Debug|Any CPU.ActiveCfg = Debug|iPhoneSimulator
		{9E11E9CF-35E6-4629-9CEC-BA947607E70D}.Debug|Any CPU.Build.0 = Debug|iPhoneSimulator
		{9E11E9CF-35E6-4629-9CEC-BA947607E70D}.Release|Any CPU.ActiveCfg = Release|iPhone
		{9E11E9CF-35E6-4629-9CEC-BA947607E70D}.Release|Any CPU.Build.0 = Release|iPhone
		{9E11E9CF-35E6-4629-9CEC-BA947607E70D}.Debug|iPhoneSimulator.ActiveCfg = Debug|iPhoneSimulator
		{9E11E9CF-35E6-4629-9CEC-BA947607E70D}.Debug|iPhoneSimulator.Build.0 = Debug|iPhoneSimulator
		{9E11E9CF-35E6-4629-9CEC-BA947607E70D}.Release|iPhone.ActiveCfg = Release|iPhone
		{9E11E9CF-35E6-4629-9CEC-BA947607E70D}.Release|iPhone.Build.0 = Release|iPhone
		{9E11E9CF-35E6-4629-9CEC-BA947607E70D}.Release|iPhoneSimulator.ActiveCfg = Release|iPhoneSimulator
		{9E11E9CF-35E6-4629-9CEC-BA947607E70D}.Release|iPhoneSimulator.Build.0 = Release|iPhoneSimulator
		{9E11E9CF-35E6-4629-9CEC-BA947607E70D}.Debug|iPhone.ActiveCfg = Debug|iPhone
		{9E11E9CF-35E6-4629-9CEC-BA947607E70D}.Debug|iPhone.Build.0 = Debug|iPhone
	EndGlobalSection
EndGlobal
